# This file is automatically @generated by Cargo.
# It is not intended for manual editing.
version = 3

[[package]]
name = "pagelet"
version = "0.1.0"

[[package]]
name = "pagelet-integration-tests"
version = "0.1.0"
dependencies = [
 "pagelet",
 "pagelet-testkit",
]

[[package]]
name = "pagelet-testkit"
version = "0.1.0"
dependencies = [
 "pagelet",
]

[[package]]
name = "xtask"
version = "0.1.0"
dependencies = [
 "pagelet-testkit",
]
